
Microsoft Visual Studio Solution File, Format Version 12.00
# Visual Studio Version 17
VisualStudioVersion = 17.10.35122.118
MinimumVisualStudioVersion = 10.0.40219.1
Project("{FAE04EC0-301F-11D3-BF4B-00C04F79EFBC}") = "ADSALUNOS2024", "ADSALUNOS2024.csproj", "{D6AF2984-A003-48AC-8DF0-CF51C4732887}"
EndProject
Global
	GlobalSection(SolutionConfigurationPlatforms) = preSolution
		Debug|Any CPU = Debug|Any CPU
		Release|Any CPU = Release|Any CPU
	EndGlobalSection
	GlobalSection(ProjectConfigurationPlatforms) = postSolution
		{D6AF2984-A003-48AC-8DF0-CF51C4732887}.Debug|Any CPU.ActiveCfg = Debug|Any CPU
		{D6AF2984-A003-48AC-8DF0-CF51C4732887}.Debug|Any CPU.Build.0 = Debug|Any CPU
		{D6AF2984-A003-48AC-8DF0-CF51C4732887}.Release|Any CPU.ActiveCfg = Release|Any CPU
		{D6AF2984-A003-48AC-8DF0-CF51C4732887}.Release|Any CPU.Build.0 = Release|Any CPU
	EndGlobalSection
	GlobalSection(SolutionProperties) = preSolution
		HideSolutionNode = FALSE
	EndGlobalSection
	GlobalSection(ExtensibilityGlobals) = postSolution
		SolutionGuid = {3E4EB1B8-CFC9-4391-AF54-469AD1C90260}
	EndGlobalSection
EndGlobal
